<?xml version="1.0" encoding="utf-8"?>
<Project ToolsVersion="4.0" xmlns="http://schemas.microsoft.com/developer/msbuild/2003">
  <ItemGroup>
    <ClCompile Include="main.cpp" />
    <ClCompile Include="stdafx.cpp" />
    <ClCompile Include="FontRender.cpp">
      <Filter>UI,Sprite</Filter>
    </ClCompile>
    <ClCompile Include="Level2D.cpp">
      <Filter>UI,Sprite</Filter>
    </ClCompile>
    <ClCompile Include="SpriteRender.cpp">
      <Filter>UI,Sprite</Filter>
    </ClCompile>
    <ClCompile Include="..\..\MiniEngine\Animation.cpp">
      <Filter>EngineRelated</Filter>
    </ClCompile>
    <ClCompile Include="..\..\MiniEngine\AnimationClip.cpp">
      <Filter>EngineRelated</Filter>
    </ClCompile>
    <ClCompile Include="..\..\MiniEngine\AnimationPlayController.cpp">
      <Filter>EngineRelated</Filter>
    </ClCompile>
    <ClCompile Include="..\..\MiniEngine\raytracing\BLASBuffer.cpp">
      <Filter>EngineRelated</Filter>
    </ClCompile>
    <ClCompile Include="..\..\MiniEngine\Camera.cpp">
      <Filter>EngineRelated</Filter>
    </ClCompile>
    <ClCompile Include="..\..\ExEngine\physics\CapsuleCollider.cpp">
      <Filter>EngineRelated</Filter>
    </ClCompile>
    <ClCompile Include="CaslFile.cpp">
      <Filter>EngineRelated</Filter>
    </ClCompile>
    <ClCompile Include="..\..\ExEngine\physics\CharacterController.cpp">
      <Filter>EngineRelated</Filter>
    </ClCompile>
    <ClCompile Include="..\..\MiniEngine\ConstantBuffer.cpp">
      <Filter>EngineRelated</Filter>
    </ClCompile>
    <ClCompile Include="..\..\MiniEngine\DescriptorHeap.cpp">
      <Filter>EngineRelated</Filter>
    </ClCompile>
    <ClCompile Include="..\..\ExEngine\effect\Effect.cpp">
      <Filter>EngineRelated</Filter>
    </ClCompile>
    <ClCompile Include="..\..\ExEngine\effect\EffectEngine.cpp">
      <Filter>EngineRelated</Filter>
    </ClCompile>
    <ClCompile Include="..\..\MiniEngine\font\Font.cpp">
      <Filter>EngineRelated</Filter>
    </ClCompile>
    <ClCompile Include="..\..\MiniEngine\font\FontEngine.cpp">
      <Filter>EngineRelated</Filter>
    </ClCompile>
    <ClCompile Include="..\..\ExEngine\gameObject\GameObjectManager.cpp">
      <Filter>EngineRelated</Filter>
    </ClCompile>
    <ClCompile Include="..\..\MiniEngine\HID\GamePad.cpp">
      <Filter>EngineRelated</Filter>
    </ClCompile>
    <ClCompile Include="GameTime.cpp">
      <Filter>EngineRelated</Filter>
    </ClCompile>
    <ClCompile Include="GaussianBlur.cpp">
      <Filter>EngineRelated</Filter>
    </ClCompile>
    <ClCompile Include="..\..\MiniEngine\GPUBuffer.cpp">
      <Filter>EngineRelated</Filter>
    </ClCompile>
    <ClCompile Include="..\..\MiniEngine\GraphicsEngine.cpp">
      <Filter>EngineRelated</Filter>
    </ClCompile>
    <ClCompile Include="..\..\ExEngine\gameObject\IGameObject.cpp">
      <Filter>EngineRelated</Filter>
    </ClCompile>
    <ClCompile Include="..\..\MiniEngine\IndexBuffer.cpp">
      <Filter>EngineRelated</Filter>
    </ClCompile>
    <ClCompile Include="MapChip.cpp">
      <Filter>EngineRelated</Filter>
    </ClCompile>
    <ClCompile Include="MapChip2D.cpp">
      <Filter>EngineRelated</Filter>
    </ClCompile>
    <ClCompile Include="..\..\MiniEngine\Material.cpp">
      <Filter>EngineRelated</Filter>
    </ClCompile>
    <ClCompile Include="..\..\MiniEngine\math\Matrix.cpp">
      <Filter>EngineRelated</Filter>
    </ClCompile>
    <ClCompile Include="..\..\ExEngine\physics\MeshCollider.cpp">
      <Filter>EngineRelated</Filter>
    </ClCompile>
    <ClCompile Include="..\..\MiniEngine\MeshParts.cpp">
      <Filter>EngineRelated</Filter>
    </ClCompile>
    <ClCompile Include="..\..\MiniEngine\Model.cpp">
      <Filter>EngineRelated</Filter>
    </ClCompile>
    <ClCompile Include="NameKey.cpp">
      <Filter>EngineRelated</Filter>
    </ClCompile>
    <ClCompile Include="..\..\MiniEngine\NullTextureMaps.cpp">
      <Filter>EngineRelated</Filter>
    </ClCompile>
    <ClCompile Include="..\..\ExEngine\physics\Physics.cpp">
      <Filter>EngineRelated</Filter>
    </ClCompile>
    <ClCompile Include="..\..\ExEngine\physics\PhysicsStaticObject.cpp">
      <Filter>EngineRelated</Filter>
    </ClCompile>
    <ClCompile Include="..\..\MiniEngine\PipelineState.cpp">
      <Filter>EngineRelated</Filter>
    </ClCompile>
    <ClCompile Include="..\..\MiniEngine\raytracing\RaytracingDescriptorHeaps.cpp">
      <Filter>EngineRelated</Filter>
    </ClCompile>
    <ClCompile Include="..\..\MiniEngine\raytracing\RaytracingEngine.cpp">
      <Filter>EngineRelated</Filter>
    </ClCompile>
    <ClCompile Include="..\..\MiniEngine\raytracing\RaytracingInstance.cpp">
      <Filter>EngineRelated</Filter>
    </ClCompile>
    <ClCompile Include="..\..\MiniEngine\raytracing\RaytracingPSO.cpp">
      <Filter>EngineRelated</Filter>
    </ClCompile>
    <ClCompile Include="..\..\MiniEngine\raytracing\RaytracingWorld.cpp">
      <Filter>EngineRelated</Filter>
    </ClCompile>
    <ClCompile Include="..\..\MiniEngine\raytracing\RaytracingShaderTable.cpp">
      <Filter>EngineRelated</Filter>
    </ClCompile>
    <ClCompile Include="..\..\MiniEngine\RenderTarget.cpp">
      <Filter>EngineRelated</Filter>
    </ClCompile>
    <ClCompile Include="..\..\ExEngine\physics\RigidBody.cpp">
      <Filter>EngineRelated</Filter>
    </ClCompile>
    <ClCompile Include="..\..\MiniEngine\RootSignature.cpp">
      <Filter>EngineRelated</Filter>
    </ClCompile>
    <ClCompile Include="..\..\MiniEngine\RWStructuredBuffer.cpp">
      <Filter>EngineRelated</Filter>
    </ClCompile>
    <ClCompile Include="..\..\MiniEngine\Skeleton.cpp">
      <Filter>EngineRelated</Filter>
    </ClCompile>
    <ClCompile Include="SoundEngine.cpp">
      <Filter>EngineRelated</Filter>
    </ClCompile>
    <ClCompile Include="SoundPreCompile.cpp">
      <Filter>EngineRelated</Filter>
    </ClCompile>
    <ClCompile Include="SoundSource.cpp">
      <Filter>EngineRelated</Filter>
    </ClCompile>
    <ClCompile Include="..\..\MiniEngine\Sprite.cpp">
      <Filter>EngineRelated</Filter>
    </ClCompile>
    <ClCompile Include="Stopwatch.cpp">
      <Filter>EngineRelated</Filter>
    </ClCompile>
    <ClCompile Include="..\..\MiniEngine\StructuredBuffer.cpp">
      <Filter>EngineRelated</Filter>
    </ClCompile>
    <ClCompile Include="system\system.cpp">
      <Filter>EngineRelated</Filter>
    </ClCompile>
    <ClCompile Include="..\..\MiniEngine\Texture.cpp">
      <Filter>EngineRelated</Filter>
    </ClCompile>
    <ClCompile Include="..\..\MiniEngine\tkFile\TkaFile.cpp">
      <Filter>EngineRelated</Filter>
    </ClCompile>
    <ClCompile Include="..\..\MiniEngine\tkEngine.cpp">
      <Filter>EngineRelated</Filter>
    </ClCompile>
    <ClCompile Include="TklFile.cpp">
      <Filter>EngineRelated</Filter>
    </ClCompile>
    <ClCompile Include="..\..\MiniEngine\tkFile\TkmFile.cpp">
      <Filter>EngineRelated</Filter>
    </ClCompile>
    <ClCompile Include="..\..\MiniEngine\tkFile\TksFile.cpp">
      <Filter>EngineRelated</Filter>
    </ClCompile>
    <ClCompile Include="..\..\MiniEngine\raytracing\TLASBuffer.cpp">
      <Filter>EngineRelated</Filter>
    </ClCompile>
    <ClCompile Include="TResourceBank.cpp">
      <Filter>EngineRelated</Filter>
    </ClCompile>
    <ClCompile Include="Util.cpp">
      <Filter>EngineRelated</Filter>
    </ClCompile>
    <ClCompile Include="..\..\MiniEngine\math\Vector.cpp">
      <Filter>EngineRelated</Filter>
    </ClCompile>
    <ClCompile Include="..\..\MiniEngine\VertexBuffer.cpp">
      <Filter>EngineRelated</Filter>
    </ClCompile>
    <ClCompile Include="WaveFile.cpp">
      <Filter>EngineRelated</Filter>
    </ClCompile>
    <ClCompile Include="WaveFileBank.cpp">
      <Filter>EngineRelated</Filter>
    </ClCompile>
    <ClCompile Include="Level.cpp">
      <Filter>EngineRelated</Filter>
    </ClCompile>
    <ClCompile Include="..\..\MiniEngine\Shader.cpp">
      <Filter>EngineRelated</Filter>
    </ClCompile>
    <ClCompile Include="SkinModelRender.cpp">
      <Filter>Object</Filter>
    </ClCompile>
    <ClCompile Include="LightManager.cpp">
      <Filter>Manager</Filter>
    </ClCompile>
    <ClCompile Include="Bloom.cpp">
      <Filter>AboutRendering\PostEffect</Filter>
    </ClCompile>
    <ClCompile Include="DepthInView.cpp">
      <Filter>AboutRendering\PostEffect</Filter>
    </ClCompile>
    <ClCompile Include="FXAA.cpp">
      <Filter>AboutRendering\PostEffect</Filter>
    </ClCompile>
    <ClCompile Include="PostEffect.cpp">
      <Filter>AboutRendering\PostEffect</Filter>
    </ClCompile>
    <ClCompile Include="ForwardBloom.cpp">
      <Filter>AboutRendering\ForwardRendering</Filter>
    </ClCompile>
    <ClCompile Include="SSR.cpp">
      <Filter>AboutRendering\PostEffect</Filter>
    </ClCompile>
    <ClCompile Include="Shadow.cpp">
      <Filter>AboutRendering</Filter>
    </ClCompile>
    <ClCompile Include="RenderingEngine.cpp">
      <Filter>AboutRendering</Filter>
    </ClCompile>
    <ClCompile Include="DefferedLighting.cpp">
      <Filter>AboutRendering</Filter>
    </ClCompile>
    <ClCompile Include="LensGhost.cpp">
      <Filter>AboutRendering\PostEffect</Filter>
    </ClCompile>
    <ClCompile Include="MotionBlur.cpp">
      <Filter>AboutRendering\PostEffect</Filter>
    </ClCompile>
    <ClCompile Include="PlanarReflection.cpp">
      <Filter>AboutRendering\PostEffect</Filter>
    </ClCompile>
    <ClCompile Include="Player.cpp">
      <Filter>Object\Player</Filter>
    </ClCompile>
    <ClCompile Include="RoboMove.cpp">
      <Filter>Object\Robo</Filter>
    </ClCompile>
    <ClCompile Include="CameraMove.cpp" />
    <ClCompile Include="RoboLean.cpp">
      <Filter>Object\Robo</Filter>
    </ClCompile>
    <ClCompile Include="Ground.cpp">
      <Filter>Object</Filter>
    </ClCompile>
    <ClCompile Include="RoboRotation.cpp">
      <Filter>Object\Robo</Filter>
    </ClCompile>
    <ClCompile Include="SkyCube.cpp" />
  </ItemGroup>
  <ItemGroup>
    <ClInclude Include="stdafx.h" />
    <ClInclude Include="FontRender.h">
      <Filter>UI,Sprite</Filter>
    </ClInclude>
    <ClInclude Include="Level2D.h">
      <Filter>UI,Sprite</Filter>
    </ClInclude>
    <ClInclude Include="SpriteRender.h">
      <Filter>UI,Sprite</Filter>
    </ClInclude>
    <ClInclude Include="..\..\MiniEngine\Animation.h">
      <Filter>EngineRelated</Filter>
    </ClInclude>
    <ClInclude Include="..\..\MiniEngine\AnimationClip.h">
      <Filter>EngineRelated</Filter>
    </ClInclude>
    <ClInclude Include="..\..\MiniEngine\AnimationPlayController.h">
      <Filter>EngineRelated</Filter>
    </ClInclude>
    <ClInclude Include="..\..\MiniEngine\raytracing\BLASBuffer.h">
      <Filter>EngineRelated</Filter>
    </ClInclude>
    <ClInclude Include="..\..\MiniEngine\Camera.h">
      <Filter>EngineRelated</Filter>
    </ClInclude>
    <ClInclude Include="..\..\ExEngine\physics\CapsuleCollider.h">
      <Filter>EngineRelated</Filter>
    </ClInclude>
    <ClInclude Include="CaslFile.h">
      <Filter>EngineRelated</Filter>
    </ClInclude>
    <ClInclude Include="..\..\ExEngine\physics\CharacterController.h">
      <Filter>EngineRelated</Filter>
    </ClInclude>
    <ClInclude Include="..\..\MiniEngine\ConstantBuffer.h">
      <Filter>EngineRelated</Filter>
    </ClInclude>
    <ClInclude Include="..\..\MiniEngine\DescriptorHeap.h">
      <Filter>EngineRelated</Filter>
    </ClInclude>
    <ClInclude Include="..\..\MiniEngine\DescriptorHeap_inline.h">
      <Filter>EngineRelated</Filter>
    </ClInclude>
    <ClInclude Include="..\..\ExEngine\effect\Effect.h">
      <Filter>EngineRelated</Filter>
    </ClInclude>
    <ClInclude Include="..\..\ExEngine\effect\EffectEngine.h">
      <Filter>EngineRelated</Filter>
    </ClInclude>
    <ClInclude Include="..\..\ExEngine\ExEngine.h">
      <Filter>EngineRelated</Filter>
    </ClInclude>
    <ClInclude Include="..\..\MiniEngine\font\Font.h">
      <Filter>EngineRelated</Filter>
    </ClInclude>
    <ClInclude Include="..\..\MiniEngine\font\FontEngine.h">
      <Filter>EngineRelated</Filter>
    </ClInclude>
    <ClInclude Include="..\..\ExEngine\gameObject\GameObjectManager.h">
      <Filter>EngineRelated</Filter>
    </ClInclude>
    <ClInclude Include="..\..\MiniEngine\HID\GamePad.h">
      <Filter>EngineRelated</Filter>
    </ClInclude>
    <ClInclude Include="GameTime.h">
      <Filter>EngineRelated</Filter>
    </ClInclude>
    <ClInclude Include="GaussianBlur.h">
      <Filter>EngineRelated</Filter>
    </ClInclude>
    <ClInclude Include="..\..\MiniEngine\GPUBuffer.h">
      <Filter>EngineRelated</Filter>
    </ClInclude>
    <ClInclude Include="..\..\MiniEngine\GraphicsEngine.h">
      <Filter>EngineRelated</Filter>
    </ClInclude>
    <ClInclude Include="..\..\ExEngine\physics\ICollider.h">
      <Filter>EngineRelated</Filter>
    </ClInclude>
    <ClInclude Include="..\..\ExEngine\gameObject\IGameobject.h">
      <Filter>EngineRelated</Filter>
    </ClInclude>
    <ClInclude Include="..\..\MiniEngine\IndexBuffer.h">
      <Filter>EngineRelated</Filter>
    </ClInclude>
    <ClInclude Include="MapChip.h">
      <Filter>EngineRelated</Filter>
    </ClInclude>
    <ClInclude Include="MapChip2D.h">
      <Filter>EngineRelated</Filter>
    </ClInclude>
    <ClInclude Include="..\..\MiniEngine\Material.h">
      <Filter>EngineRelated</Filter>
    </ClInclude>
    <ClInclude Include="..\..\MiniEngine\math\Math.h">
      <Filter>EngineRelated</Filter>
    </ClInclude>
    <ClInclude Include="..\..\MiniEngine\math\Matrix.h">
      <Filter>EngineRelated</Filter>
    </ClInclude>
    <ClInclude Include="..\..\ExEngine\physics\MeshCollider.h">
      <Filter>EngineRelated</Filter>
    </ClInclude>
    <ClInclude Include="..\..\MiniEngine\MeshParts.h">
      <Filter>EngineRelated</Filter>
    </ClInclude>
    <ClInclude Include="..\..\MiniEngine\MiniEngine.h">
      <Filter>EngineRelated</Filter>
    </ClInclude>
    <ClInclude Include="..\..\MiniEngine\Model.h">
      <Filter>EngineRelated</Filter>
    </ClInclude>
    <ClInclude Include="..\..\MiniEngine\debug\MyAssert.h">
      <Filter>EngineRelated</Filter>
    </ClInclude>
    <ClInclude Include="NameKey.h">
      <Filter>EngineRelated</Filter>
    </ClInclude>
    <ClInclude Include="..\..\MiniEngine\NullTextureMaps.h">
      <Filter>EngineRelated</Filter>
    </ClInclude>
    <ClInclude Include="..\..\ExEngine\physics\Physics.h">
      <Filter>EngineRelated</Filter>
    </ClInclude>
    <ClInclude Include="..\..\ExEngine\physics\PhysicsStaticObject.h">
      <Filter>EngineRelated</Filter>
    </ClInclude>
    <ClInclude Include="..\..\MiniEngine\PipelineState.h">
      <Filter>EngineRelated</Filter>
    </ClInclude>
    <ClInclude Include="..\..\MiniEngine\raytracing\Raytracing.h">
      <Filter>EngineRelated</Filter>
    </ClInclude>
    <ClInclude Include="..\..\MiniEngine\raytracing\RaytracingDescriptorHeaps.h">
      <Filter>EngineRelated</Filter>
    </ClInclude>
    <ClInclude Include="..\..\MiniEngine\raytracing\RaytracingEngine.h">
      <Filter>EngineRelated</Filter>
    </ClInclude>
    <ClInclude Include="..\..\MiniEngine\raytracing\RaytracingInstance.h">
      <Filter>EngineRelated</Filter>
    </ClInclude>
    <ClInclude Include="..\..\MiniEngine\raytracing\RaytracingPSO.h">
      <Filter>EngineRelated</Filter>
    </ClInclude>
    <ClInclude Include="..\..\MiniEngine\raytracing\RaytracingShaderTable.h">
      <Filter>EngineRelated</Filter>
    </ClInclude>
    <ClInclude Include="..\..\MiniEngine\raytracing\RaytracingWorld.h">
      <Filter>EngineRelated</Filter>
    </ClInclude>
    <ClInclude Include="..\..\MiniEngine\RenderContext.h">
      <Filter>EngineRelated</Filter>
    </ClInclude>
    <ClInclude Include="..\..\MiniEngine\RenderContext_inline.h">
      <Filter>EngineRelated</Filter>
    </ClInclude>
    <ClInclude Include="..\..\MiniEngine\RenderTarget.h">
      <Filter>EngineRelated</Filter>
    </ClInclude>
    <ClInclude Include="..\..\ExEngine\physics\RigidBody.h">
      <Filter>EngineRelated</Filter>
    </ClInclude>
    <ClInclude Include="..\..\MiniEngine\RootSignature.h">
      <Filter>EngineRelated</Filter>
    </ClInclude>
    <ClInclude Include="..\..\MiniEngine\RWStructuredBuffer.h">
      <Filter>EngineRelated</Filter>
    </ClInclude>
    <ClInclude Include="..\..\MiniEngine\Skeleton.h">
      <Filter>EngineRelated</Filter>
    </ClInclude>
    <ClInclude Include="SoundEngine.h">
      <Filter>EngineRelated</Filter>
    </ClInclude>
    <ClInclude Include="SoundPreCompile.h">
      <Filter>EngineRelated</Filter>
    </ClInclude>
    <ClInclude Include="SoundSource.h">
      <Filter>EngineRelated</Filter>
    </ClInclude>
    <ClInclude Include="..\..\MiniEngine\Sprite.h">
      <Filter>EngineRelated</Filter>
    </ClInclude>
    <ClInclude Include="Stopwatch.h">
      <Filter>EngineRelated</Filter>
    </ClInclude>
    <ClInclude Include="..\..\MiniEngine\StructuredBuffer.h">
      <Filter>EngineRelated</Filter>
    </ClInclude>
    <ClInclude Include="system\system.h">
      <Filter>EngineRelated</Filter>
    </ClInclude>
    <ClInclude Include="..\..\MiniEngine\Texture.h">
      <Filter>EngineRelated</Filter>
    </ClInclude>
    <ClInclude Include="..\..\MiniEngine\tkFile\TkaFile.h">
      <Filter>EngineRelated</Filter>
    </ClInclude>
    <ClInclude Include="..\..\MiniEngine\tkEngine.h">
      <Filter>EngineRelated</Filter>
    </ClInclude>
    <ClInclude Include="TklFile.h">
      <Filter>EngineRelated</Filter>
    </ClInclude>
    <ClInclude Include="..\..\MiniEngine\tkFile\TkmFile.h">
      <Filter>EngineRelated</Filter>
    </ClInclude>
    <ClInclude Include="..\..\MiniEngine\tkFile\TksFile.h">
      <Filter>EngineRelated</Filter>
    </ClInclude>
    <ClInclude Include="..\..\MiniEngine\raytracing\TLASBuffer.h">
      <Filter>EngineRelated</Filter>
    </ClInclude>
    <ClInclude Include="TResourceBank.h">
      <Filter>EngineRelated</Filter>
    </ClInclude>
    <ClInclude Include="Util.h">
      <Filter>EngineRelated</Filter>
    </ClInclude>
    <ClInclude Include="..\..\MiniEngine\math\Vector.h">
      <Filter>EngineRelated</Filter>
    </ClInclude>
    <ClInclude Include="..\..\MiniEngine\VertexBuffer.h">
      <Filter>EngineRelated</Filter>
    </ClInclude>
    <ClInclude Include="WaveFile.h">
      <Filter>EngineRelated</Filter>
    </ClInclude>
    <ClInclude Include="WaveFileBank.h">
      <Filter>EngineRelated</Filter>
    </ClInclude>
    <ClInclude Include="Level.h">
      <Filter>EngineRelated</Filter>
    </ClInclude>
    <ClInclude Include="..\..\MiniEngine\Shader.h">
      <Filter>EngineRelated</Filter>
    </ClInclude>
    <ClInclude Include="SkinModelRender.h">
      <Filter>Object</Filter>
    </ClInclude>
    <ClInclude Include="LightManager.h">
      <Filter>Manager</Filter>
    </ClInclude>
    <ClInclude Include="Bloom.h">
      <Filter>AboutRendering\PostEffect</Filter>
    </ClInclude>
    <ClInclude Include="DepthInView.h">
      <Filter>AboutRendering\PostEffect</Filter>
    </ClInclude>
    <ClInclude Include="FXAA.h">
      <Filter>AboutRendering\PostEffect</Filter>
    </ClInclude>
    <ClInclude Include="PostEffect.h">
      <Filter>AboutRendering\PostEffect</Filter>
    </ClInclude>
    <ClInclude Include="ForwardBloom.h">
      <Filter>AboutRendering\ForwardRendering</Filter>
    </ClInclude>
    <ClInclude Include="SSR.h">
      <Filter>AboutRendering\PostEffect</Filter>
    </ClInclude>
    <ClInclude Include="Shadow.h">
      <Filter>AboutRendering</Filter>
    </ClInclude>
    <ClInclude Include="RenderingEngine.h">
      <Filter>AboutRendering</Filter>
    </ClInclude>
    <ClInclude Include="DefferedLighting.h">
      <Filter>AboutRendering</Filter>
    </ClInclude>
    <ClInclude Include="LensGhost.h">
      <Filter>AboutRendering\PostEffect</Filter>
    </ClInclude>
    <ClInclude Include="MotionBlur.h">
      <Filter>AboutRendering\PostEffect</Filter>
    </ClInclude>
    <ClInclude Include="PlanarReflection.h">
      <Filter>AboutRendering\PostEffect</Filter>
    </ClInclude>
    <ClInclude Include="Player.h">
      <Filter>Object\Player</Filter>
    </ClInclude>
    <ClInclude Include="RoboMove.h">
      <Filter>Object\Robo</Filter>
    </ClInclude>
    <ClInclude Include="CameraMove.h" />
    <ClInclude Include="RoboLean.h">
      <Filter>Object\Robo</Filter>
    </ClInclude>
    <ClInclude Include="Ground.h">
      <Filter>Object</Filter>
    </ClInclude>
    <ClInclude Include="RoboRotation.h">
      <Filter>Object\Robo</Filter>
    </ClInclude>
    <ClInclude Include="SkyCube.h" />
  </ItemGroup>
  <ItemGroup>
    <Filter Include="UI,Sprite">
      <UniqueIdentifier>{2ecebe65-8892-4320-924e-5635e7fe9a19}</UniqueIdentifier>
    </Filter>
    <Filter Include="EngineRelated">
      <UniqueIdentifier>{89142214-a7a4-4cf5-ad27-7ace63a98bbd}</UniqueIdentifier>
    </Filter>
    <Filter Include="Manager">
      <UniqueIdentifier>{10cd0a43-0175-4296-855a-17e545543c53}</UniqueIdentifier>
    </Filter>
    <Filter Include="AboutRendering">
      <UniqueIdentifier>{99169e38-d557-460d-a059-4811a40f1db6}</UniqueIdentifier>
    </Filter>
    <Filter Include="AboutRendering\PostEffect">
      <UniqueIdentifier>{480137df-009c-4758-86d9-89b969cbe51a}</UniqueIdentifier>
    </Filter>
    <Filter Include="AboutRendering\ForwardRendering">
      <UniqueIdentifier>{10e06494-3d58-4106-af20-99c7e9eb0130}</UniqueIdentifier>
    </Filter>
    <Filter Include="Object">
      <UniqueIdentifier>{c96edd8f-9482-4a90-b885-5096a41e9f3c}</UniqueIdentifier>
    </Filter>
    <Filter Include="Object\Robo">
      <UniqueIdentifier>{c08c343b-22d7-4629-9c21-f0eaf4bfb764}</UniqueIdentifier>
    </Filter>
    <Filter Include="Object\Player">
      <UniqueIdentifier>{8f5a582b-168f-466e-960c-3e97f74b3031}</UniqueIdentifier>
    </Filter>
  </ItemGroup>
</Project>